// !$*UTF8*$!
{
	archiveVersion = 1;
	classes = {
	};
	objectVersion = 48;
	objects = {

/* Begin PBXBuildFile section */
		3B05A1B7677CA41EA02B149E /* Pods_Todoey.framework in Frameworks */ = {isa = PBXBuildFile; fileRef = 63441760C060E405963B4C5F /* Pods_Todoey.framework */; };
		54009CDE20E7ED0600295C28 /* CategoryViewController.swift in Sources */ = {isa = PBXBuildFile; fileRef = 54009CDD20E7ED0600295C28 /* CategoryViewController.swift */; };
		5489468520E43B3200ED5EF1 /* AppDelegate.swift in Sources */ = {isa = PBXBuildFile; fileRef = 5489468420E43B3200ED5EF1 /* AppDelegate.swift */; };
		5489468720E43B3200ED5EF1 /* TodoListViewController.swift in Sources */ = {isa = PBXBuildFile; fileRef = 5489468620E43B3200ED5EF1 /* TodoListViewController.swift */; };
		5489468A20E43B3200ED5EF1 /* Main.storyboard in Resources */ = {isa = PBXBuildFile; fileRef = 5489468820E43B3200ED5EF1 /* Main.storyboard */; };
		5489468C20E43B3200ED5EF1 /* Assets.xcassets in Resources */ = {isa = PBXBuildFile; fileRef = 5489468B20E43B3200ED5EF1 /* Assets.xcassets */; };
		5489468F20E43B3200ED5EF1 /* LaunchScreen.storyboard in Resources */ = {isa = PBXBuildFile; fileRef = 5489468D20E43B3200ED5EF1 /* LaunchScreen.storyboard */; };
		54BB8FE120E893F60062156D /* Item.swift in Sources */ = {isa = PBXBuildFile; fileRef = 54BB8FE020E893F60062156D /* Item.swift */; };
		54BB8FE320E893FE0062156D /* Category.swift in Sources */ = {isa = PBXBuildFile; fileRef = 54BB8FE220E893FE0062156D /* Category.swift */; };
/* End PBXBuildFile section */

/* Begin PBXFileReference section */
		3D3241458C8CEC977D423EAB /* Pods-Todoey.release.xcconfig */ = {isa = PBXFileReference; includeInIndex = 1; lastKnownFileType = text.xcconfig; name = "Pods-Todoey.release.xcconfig"; path = "Pods/Target Support Files/Pods-Todoey/Pods-Todoey.release.xcconfig"; sourceTree = "<group>"; };
		54009CDD20E7ED0600295C28 /* CategoryViewController.swift */ = {isa = PBXFileReference; lastKnownFileType = sourcecode.swift; path = CategoryViewController.swift; sourceTree = "<group>"; };
		5489468120E43B3200ED5EF1 /* Todoey.app */ = {isa = PBXFileReference; explicitFileType = wrapper.application; includeInIndex = 0; path = Todoey.app; sourceTree = BUILT_PRODUCTS_DIR; };
		5489468420E43B3200ED5EF1 /* AppDelegate.swift */ = {isa = PBXFileReference; lastKnownFileType = sourcecode.swift; path = AppDelegate.swift; sourceTree = "<group>"; };
		5489468620E43B3200ED5EF1 /* TodoListViewController.swift */ = {isa = PBXFileReference; lastKnownFileType = sourcecode.swift; path = TodoListViewController.swift; sourceTree = "<group>"; };
		5489468920E43B3200ED5EF1 /* Base */ = {isa = PBXFileReference; lastKnownFileType = file.storyboard; name = Base; path = Base.lproj/Main.storyboard; sourceTree = "<group>"; };
		5489468B20E43B3200ED5EF1 /* Assets.xcassets */ = {isa = PBXFileReference; lastKnownFileType = folder.assetcatalog; path = Assets.xcassets; sourceTree = "<group>"; };
		5489468E20E43B3200ED5EF1 /* Base */ = {isa = PBXFileReference; lastKnownFileType = file.storyboard; name = Base; path = Base.lproj/LaunchScreen.storyboard; sourceTree = "<group>"; };
		5489469020E43B3200ED5EF1 /* Info.plist */ = {isa = PBXFileReference; lastKnownFileType = text.plist.xml; path = Info.plist; sourceTree = "<group>"; };
		54BB8FE020E893F60062156D /* Item.swift */ = {isa = PBXFileReference; lastKnownFileType = sourcecode.swift; path = Item.swift; sourceTree = "<group>"; };
		54BB8FE220E893FE0062156D /* Category.swift */ = {isa = PBXFileReference; lastKnownFileType = sourcecode.swift; path = Category.swift; sourceTree = "<group>"; };
		63441760C060E405963B4C5F /* Pods_Todoey.framework */ = {isa = PBXFileReference; explicitFileType = wrapper.framework; includeInIndex = 0; path = Pods_Todoey.framework; sourceTree = BUILT_PRODUCTS_DIR; };
		CFA5E11F2075A1745BC65E6C /* Pods-Todoey.debug.xcconfig */ = {isa = PBXFileReference; includeInIndex = 1; lastKnownFileType = text.xcconfig; name = "Pods-Todoey.debug.xcconfig"; path = "Pods/Target Support Files/Pods-Todoey/Pods-Todoey.debug.xcconfig"; sourceTree = "<group>"; };
/* End PBXFileReference section */

/* Begin PBXFrameworksBuildPhase section */
		5489467E20E43B3200ED5EF1 /* Frameworks */ = {
			isa = PBXFrameworksBuildPhase;
			buildActionMask = 2147483647;
			files = (
				3B05A1B7677CA41EA02B149E /* Pods_Todoey.framework in Frameworks */,
			);
			runOnlyForDeploymentPostprocessing = 0;
		};
/* End PBXFrameworksBuildPhase section */

/* Begin PBXGroup section */
		15237727C089C33B5BFD6E93 /* Frameworks */ = {
			isa = PBXGroup;
			children = (
				63441760C060E405963B4C5F /* Pods_Todoey.framework */,
			);
			name = Frameworks;
			sourceTree = "<group>";
		};
		5489467820E43B3200ED5EF1 = {
			isa = PBXGroup;
			children = (
				5489468320E43B3200ED5EF1 /* Todoey */,
				5489468220E43B3200ED5EF1 /* Products */,
				68F7E8689D06135A4B02D6C6 /* Pods */,
				15237727C089C33B5BFD6E93 /* Frameworks */,
			);
			sourceTree = "<group>";
		};
		5489468220E43B3200ED5EF1 /* Products */ = {
			isa = PBXGroup;
			children = (
				5489468120E43B3200ED5EF1 /* Todoey.app */,
			);
			name = Products;
			sourceTree = "<group>";
		};
		5489468320E43B3200ED5EF1 /* Todoey */ = {
			isa = PBXGroup;
			children = (
				5489468420E43B3200ED5EF1 /* AppDelegate.swift */,
				54C038E420E5C9FD00E111E6 /* Controllers */,
				54C038E520E5CA0500E111E6 /* Views */,
				54C038E920E5CA7000E111E6 /* Supporting Files */,
				5489469020E43B3200ED5EF1 /* Info.plist */,
				54C038E820E5CA4100E111E6 /* Data Model */,
			);
			path = Todoey;
			sourceTree = "<group>";
		};
		54C038E420E5C9FD00E111E6 /* Controllers */ = {
			isa = PBXGroup;
			children = (
				54009CDD20E7ED0600295C28 /* CategoryViewController.swift */,
				5489468620E43B3200ED5EF1 /* TodoListViewController.swift */,
			);
			path = Controllers;
			sourceTree = "<group>";
		};
		54C038E520E5CA0500E111E6 /* Views */ = {
			isa = PBXGroup;
			children = (
				5489468820E43B3200ED5EF1 /* Main.storyboard */,
			);
			path = Views;
			sourceTree = "<group>";
		};
		54C038E820E5CA4100E111E6 /* Data Model */ = {
			isa = PBXGroup;
			children = (
				54BB8FE220E893FE0062156D /* Category.swift */,
				54BB8FE020E893F60062156D /* Item.swift */,
			);
			path = "Data Model";
			sourceTree = "<group>";
		};
		54C038E920E5CA7000E111E6 /* Supporting Files */ = {
			isa = PBXGroup;
			children = (
				5489468B20E43B3200ED5EF1 /* Assets.xcassets */,
				5489468D20E43B3200ED5EF1 /* LaunchScreen.storyboard */,
			);
			path = "Supporting Files";
			sourceTree = "<group>";
		};
		68F7E8689D06135A4B02D6C6 /* Pods */ = {
			isa = PBXGroup;
			children = (
				CFA5E11F2075A1745BC65E6C /* Pods-Todoey.debug.xcconfig */,
				3D3241458C8CEC977D423EAB /* Pods-Todoey.release.xcconfig */,
			);
			name = Pods;
			sourceTree = "<group>";
		};
/* End PBXGroup section */

/* Begin PBXNativeTarget section */
		5489468020E43B3200ED5EF1 /* Todoey */ = {
			isa = PBXNativeTarget;
			buildConfigurationList = 5489469320E43B3200ED5EF1 /* Build configuration list for PBXNativeTarget "Todoey" */;
			buildPhases = (
				7A693F0432B8C818D09136C2 /* [CP] Check Pods Manifest.lock */,
				5489467D20E43B3200ED5EF1 /* Sources */,
				5489467E20E43B3200ED5EF1 /* Frameworks */,
				5489467F20E43B3200ED5EF1 /* Resources */,
				133BCEDD9CD5EC49B79BCD64 /* [CP] Embed Pods Frameworks */,
			);
			buildRules = (
			);
			dependencies = (
			);
			name = Todoey;
			productName = Todoey;
			productReference = 5489468120E43B3200ED5EF1 /* Todoey.app */;
			productType = "com.apple.product-type.application";
		};
/* End PBXNativeTarget section */

/* Begin PBXProject section */
		5489467920E43B3200ED5EF1 /* Project object */ = {
			isa = PBXProject;
			attributes = {
				LastSwiftUpdateCheck = 0920;
				LastUpgradeCheck = 0940;
				ORGANIZATIONNAME = "Scott Kilbourn";
				TargetAttributes = {
					5489468020E43B3200ED5EF1 = {
						CreatedOnToolsVersion = 9.2;
						ProvisioningStyle = Automatic;
					};
				};
			};
			buildConfigurationList = 5489467C20E43B3200ED5EF1 /* Build configuration list for PBXProject "Todoey" */;
			compatibilityVersion = "Xcode 8.0";
			developmentRegion = en;
			hasScannedForEncodings = 0;
			knownRegions = (
				en,
				Base,
			);
			mainGroup = 5489467820E43B3200ED5EF1;
			productRefGroup = 5489468220E43B3200ED5EF1 /* Products */;
			projectDirPath = "";
			projectRoot = "";
			targets = (
				5489468020E43B3200ED5EF1 /* Todoey */,
			);
		};
/* End PBXProject section */

/* Begin PBXResourcesBuildPhase section */
		5489467F20E43B3200ED5EF1 /* Resources */ = {
			isa = PBXResourcesBuildPhase;
			buildActionMask = 2147483647;
			files = (
				5489468F20E43B3200ED5EF1 /* LaunchScreen.storyboard in Resources */,
				5489468C20E43B3200ED5EF1 /* Assets.xcassets in Resources */,
				5489468A20E43B3200ED5EF1 /* Main.storyboard in Resources */,
			);
			runOnlyForDeploymentPostprocessing = 0;
		};
/* End PBXResourcesBuildPhase section */

/* Begin PBXShellScriptBuildPhase section */
		133BCEDD9CD5EC49B79BCD64 /* [CP] Embed Pods Frameworks */ = {
			isa = PBXShellScriptBuildPhase;
			buildActionMask = 2147483647;
			files = (
			);
			inputPaths = (
				"${SRCROOT}/Pods/Target Support Files/Pods-Todoey/Pods-Todoey-frameworks.sh",
				"${BUILT_PRODUCTS_DIR}/Realm/Realm.framework",
				"${BUILT_PRODUCTS_DIR}/RealmSwift/RealmSwift.framework",
			);
			name = "[CP] Embed Pods Frameworks";
			outputPaths = (
				"${TARGET_BUILD_DIR}/${FRAMEWORKS_FOLDER_PATH}/Realm.framework",
				"${TARGET_BUILD_DIR}/${FRAMEWORKS_FOLDER_PATH}/RealmSwift.framework",
			);
			runOnlyForDeploymentPostprocessing = 0;
			shellPath = /bin/sh;
			shellScript = "\"${SRCROOT}/Pods/Target Support Files/Pods-Todoey/Pods-Todoey-frameworks.sh\"\n";
			showEnvVarsInLog = 0;
		};
		7A693F0432B8C818D09136C2 /* [CP] Check Pods Manifest.lock */ = {
			isa = PBXShellScriptBuildPhase;
			buildActionMask = 2147483647;
			files = (
			);
			inputPaths = (
				"${PODS_PODFILE_DIR_PATH}/Podfile.lock",
				"${PODS_ROOT}/Manifest.lock",
			);
			name = "[CP] Check Pods Manifest.lock";
			outputPaths = (
				"$(DERIVED_FILE_DIR)/Pods-Todoey-checkManifestLockResult.txt",
			);
			runOnlyForDeploymentPostprocessing = 0;
			shellPath = /bin/sh;
			shellScript = "diff \"${PODS_PODFILE_DIR_PATH}/Podfile.lock\" \"${PODS_ROOT}/Manifest.lock\" > /dev/null\nif [ $? != 0 ] ; then\n    # print error to STDERR\n    echo \"error: The sandbox is not in sync with the Podfile.lock. Run 'pod install' or update your CocoaPods installation.\" >&2\n    exit 1\nfi\n# This output is used by Xcode 'outputs' to avoid re-running this script phase.\necho \"SUCCESS\" > \"${SCRIPT_OUTPUT_FILE_0}\"\n";
			showEnvVarsInLog = 0;
		};
/* End PBXShellScriptBuildPhase section */

/* Begin PBXSourcesBuildPhase section */
		5489467D20E43B3200ED5EF1 /* Sources */ = {
			isa = PBXSourcesBuildPhase;
			buildActionMask = 2147483647;
			files = (
				54BB8FE120E893F60062156D /* Item.swift in Sources */,
				54009CDE20E7ED0600295C28 /* CategoryViewController.swift in Sources */,
				5489468720E43B3200ED5EF1 /* TodoListViewController.swift in Sources */,
				5489468520E43B3200ED5EF1 /* AppDelegate.swift in Sources */,
				54BB8FE320E893FE0062156D /* Category.swift in Sources */,
			);
			runOnlyForDeploymentPostprocessing = 0;
		};
/* End PBXSourcesBuildPhase section */

/* Begin PBXVariantGroup section */
		5489468820E43B3200ED5EF1 /* Main.storyboard */ = {
			isa = PBXVariantGroup;
			children = (
				5489468920E43B3200ED5EF1 /* Base */,
			);
			name = Main.storyboard;
			sourceTree = "<group>";
		};
		5489468D20E43B3200ED5EF1 /* LaunchScreen.storyboard */ = {
			isa = PBXVariantGroup;
			children = (
				5489468E20E43B3200ED5EF1 /* Base */,
			);
			name = LaunchScreen.storyboard;
			sourceTree = "<group>";
		};
/* End PBXVariantGroup section */

/* Begin XCBuildConfiguration section */
		5489469120E43B3200ED5EF1 /* Debug */ = {
			isa = XCBuildConfiguration;
			buildSettings = {
				ALWAYS_SEARCH_USER_PATHS = NO;
				CLANG_ANALYZER_NONNULL = YES;
				CLANG_ANALYZER_NUMBER_OBJECT_CONVERSION = YES_AGGRESSIVE;
				CLANG_CXX_LANGUAGE_STANDARD = "gnu++14";
				CLANG_CXX_LIBRARY = "libc++";
				CLANG_ENABLE_MODULES = YES;
				CLANG_ENABLE_OBJC_ARC = YES;
				CLANG_WARN_BLOCK_CAPTURE_AUTORELEASING = YES;
				CLANG_WARN_BOOL_CONVERSION = YES;
				CLANG_WARN_COMMA = YES;
				CLANG_WARN_CONSTANT_CONVERSION = YES;
				CLANG_WARN_DEPRECATED_OBJC_IMPLEMENTATIONS = YES;
				CLANG_WARN_DIRECT_OBJC_ISA_USAGE = YES_ERROR;
				CLANG_WARN_DOCUMENTATION_COMMENTS = YES;
				CLANG_WARN_EMPTY_BODY = YES;
				CLANG_WARN_ENUM_CONVERSION = YES;
				CLANG_WARN_INFINITE_RECURSION = YES;
				CLANG_WARN_INT_CONVERSION = YES;
				CLANG_WARN_NON_LITERAL_NULL_CONVERSION = YES;
				CLANG_WARN_OBJC_IMPLICIT_RETAIN_SELF = YES;
				CLANG_WARN_OBJC_LITERAL_CONVERSION = YES;
				CLANG_WARN_OBJC_ROOT_CLASS = YES_ERROR;
				CLANG_WARN_RANGE_LOOP_ANALYSIS = YES;
				CLANG_WARN_STRICT_PROTOTYPES = YES;
				CLANG_WARN_SUSPICIOUS_MOVE = YES;
				CLANG_WARN_UNGUARDED_AVAILABILITY = YES_AGGRESSIVE;
				CLANG_WARN_UNREACHABLE_CODE = YES;
				CLANG_WARN__DUPLICATE_METHOD_MATCH = YES;
				CODE_SIGN_IDENTITY = "iPhone Developer";
				COPY_PHASE_STRIP = NO;
				DEBUG_INFORMATION_FORMAT = dwarf;
				ENABLE_STRICT_OBJC_MSGSEND = YES;
				ENABLE_TESTABILITY = YES;
				GCC_C_LANGUAGE_STANDARD = gnu11;
				GCC_DYNAMIC_NO_PIC = NO;
				GCC_NO_COMMON_BLOCKS = YES;
				GCC_OPTIMIZATION_LEVEL = 0;
				GCC_PREPROCESSOR_DEFINITIONS = (
					"DEBUG=1",
					"$(inherited)",
				);
				GCC_WARN_64_TO_32_BIT_CONVERSION = YES;
				GCC_WARN_ABOUT_RETURN_TYPE = YES_ERROR;
				GCC_WARN_UNDECLARED_SELECTOR = YES;
				GCC_WARN_UNINITIALIZED_AUTOS = YES_AGGRESSIVE;
				GCC_WARN_UNUSED_FUNCTION = YES;
				GCC_WARN_UNUSED_VARIABLE = YES;
				IPHONEOS_DEPLOYMENT_TARGET = 11.2;
				MTL_ENABLE_DEBUG_INFO = YES;
				ONLY_ACTIVE_ARCH = YES;
				SDKROOT = iphoneos;
				SWIFT_ACTIVE_COMPILATION_CONDITIONS = DEBUG;
				SWIFT_OPTIMIZATION_LEVEL = "-Onone";
			};
			name = Debug;
		};
		5489469220E43B3200ED5EF1 /* Release */ = {
			isa = XCBuildConfiguration;
			buildSettings = {
				ALWAYS_SEARCH_USER_PATHS = NO;
				CLANG_ANALYZER_NONNULL = YES;
				CLANG_ANALYZER_NUMBER_OBJECT_CONVERSION = YES_AGGRESSIVE;
				CLANG_CXX_LANGUAGE_STANDARD = "gnu++14";
				CLANG_CXX_LIBRARY = "libc++";
				CLANG_ENABLE_MODULES = YES;
				CLANG_ENABLE_OBJC_ARC = YES;
				CLANG_WARN_BLOCK_CAPTURE_AUTORELEASING = YES;
				CLANG_WARN_BOOL_CONVERSION = YES;
				CLANG_WARN_COMMA = YES;
				CLANG_WARN_CONSTANT_CONVERSION = YES;
				CLANG_WARN_DEPRECATED_OBJC_IMPLEMENTATIONS = YES;
				CLANG_WARN_DIRECT_OBJC_ISA_USAGE = YES_ERROR;
				CLANG_WARN_DOCUMENTATION_COMMENTS = YES;
				CLANG_WARN_EMPTY_BODY = YES;
				CLANG_WARN_ENUM_CONVERSION = YES;
				CLANG_WARN_INFINITE_RECURSION = YES;
				CLANG_WARN_INT_CONVERSION = YES;
				CLANG_WARN_NON_LITERAL_NULL_CONVERSION = YES;
				CLANG_WARN_OBJC_IMPLICIT_RETAIN_SELF = YES;
				CLANG_WARN_OBJC_LITERAL_CONVERSION = YES;
				CLANG_WARN_OBJC_ROOT_CLASS = YES_ERROR;
				CLANG_WARN_RANGE_LOOP_ANALYSIS = YES;
				CLANG_WARN_STRICT_PROTOTYPES = YES;
				CLANG_WARN_SUSPICIOUS_MOVE = YES;
				CLANG_WARN_UNGUARDED_AVAILABILITY = YES_AGGRESSIVE;
				CLANG_WARN_UNREACHABLE_CODE = YES;
				CLANG_WARN__DUPLICATE_METHOD_MATCH = YES;
				CODE_SIGN_IDENTITY = "iPhone Developer";
				COPY_PHASE_STRIP = NO;
				DEBUG_INFORMATION_FORMAT = "dwarf-with-dsym";
				ENABLE_NS_ASSERTIONS = NO;
				ENABLE_STRICT_OBJC_MSGSEND = YES;
				GCC_C_LANGUAGE_STANDARD = gnu11;
				GCC_NO_COMMON_BLOCKS = YES;
				GCC_WARN_64_TO_32_BIT_CONVERSION = YES;
				GCC_WARN_ABOUT_RETURN_TYPE = YES_ERROR;
				GCC_WARN_UNDECLARED_SELECTOR = YES;
				GCC_WARN_UNINITIALIZED_AUTOS = YES_AGGRESSIVE;
				GCC_WARN_UNUSED_FUNCTION = YES;
				GCC_WARN_UNUSED_VARIABLE = YES;
				IPHONEOS_DEPLOYMENT_TARGET = 11.2;
				MTL_ENABLE_DEBUG_INFO = NO;
				SDKROOT = iphoneos;
				SWIFT_OPTIMIZATION_LEVEL = "-Owholemodule";
				VALIDATE_PRODUCT = YES;
			};
			name = Release;
		};
		5489469420E43B3200ED5EF1 /* Debug */ = {
			isa = XCBuildConfiguration;
			baseConfigurationReference = CFA5E11F2075A1745BC65E6C /* Pods-Todoey.debug.xcconfig */;
			buildSettings = {
				ASSETCATALOG_COMPILER_APPICON_NAME = AppIcon;
				CLANG_WARN_OBJC_IMPLICIT_RETAIN_SELF = YES;
				CODE_SIGN_STYLE = Automatic;
				DEVELOPMENT_TEAM = Y79SBUWR57;
				INFOPLIST_FILE = Todoey/Info.plist;
				LD_RUNPATH_SEARCH_PATHS = "$(inherited) @executable_path/Frameworks";
				PRODUCT_BUNDLE_IDENTIFIER = com.zoopstuff.Todoey;
				PRODUCT_NAME = "$(TARGET_NAME)";
				SWIFT_VERSION = 4.0;
				TARGETED_DEVICE_FAMILY = "1,2";
			};
			name = Debug;
		};
		5489469520E43B3200ED5EF1 /* Release */ = {
			isa = XCBuildConfiguration;
			baseConfigurationReference = 3D3241458C8CEC977D423EAB /* Pods-Todoey.release.xcconfig */;
			buildSettings = {
				ASSETCATALOG_COMPILER_APPICON_NAME = AppIcon;
				CLANG_WARN_OBJC_IMPLICIT_RETAIN_SELF = YES;
				CODE_SIGN_STYLE = Automatic;
				DEVELOPMENT_TEAM = Y79SBUWR57;
				INFOPLIST_FILE = Todoey/Info.plist;
				LD_RUNPATH_SEARCH_PATHS = "$(inherited) @executable_path/Frameworks";
				PRODUCT_BUNDLE_IDENTIFIER = com.zoopstuff.Todoey;
				PRODUCT_NAME = "$(TARGET_NAME)";
				SWIFT_VERSION = 4.0;
				TARGETED_DEVICE_FAMILY = "1,2";
			};
			name = Release;
		};
/* End XCBuildConfiguration section */

/* Begin XCConfigurationList section */
		5489467C20E43B3200ED5EF1 /* Build configuration list for PBXProject "Todoey" */ = {
			isa = XCConfigurationList;
			buildConfigurations = (
				5489469120E43B3200ED5EF1 /* Debug */,
				5489469220E43B3200ED5EF1 /* Release */,
			);
			defaultConfigurationIsVisible = 0;
			defaultConfigurationName = Release;
		};
		5489469320E43B3200ED5EF1 /* Build configuration list for PBXNativeTarget "Todoey" */ = {
			isa = XCConfigurationList;
			buildConfigurations = (
				5489469420E43B3200ED5EF1 /* Debug */,
				5489469520E43B3200ED5EF1 /* Release */,
			);
			defaultConfigurationIsVisible = 0;
			defaultConfigurationName = Release;
		};
/* End XCConfigurationList section */
	};
	rootObject = 5489467920E43B3200ED5EF1 /* Project object */;
}
